
Microsoft Visual Studio Solution File, Format Version 12.00
# Visual Studio Version 16
VisualStudioVersion = 16.0.30804.86
MinimumVisualStudioVersion = 10.0.40219.1
Project("{FAE04EC0-301F-11D3-BF4B-00C04F79EFBC}") = "Frace Code Editor", "Frace Code Editor\Frace Code Editor.csproj", "{E1681EDE-2C25-465F-91E4-AFB6D5D94422}"
EndProject
Global
	GlobalSection(SolutionConfigurationPlatforms) = preSolution
		Debug|Any CPU = Debug|Any CPU
		Release|Any CPU = Release|Any CPU
	EndGlobalSection
	GlobalSection(ProjectConfigurationPlatforms) = postSolution
		{E1681EDE-2C25-465F-91E4-AFB6D5D94422}.Debug|Any CPU.ActiveCfg = Debug|Any CPU
		{E1681EDE-2C25-465F-91E4-AFB6D5D94422}.Debug|Any CPU.Build.0 = Debug|Any CPU
		{E1681EDE-2C25-465F-91E4-AFB6D5D94422}.Release|Any CPU.ActiveCfg = Release|Any CPU
		{E1681EDE-2C25-465F-91E4-AFB6D5D94422}.Release|Any CPU.Build.0 = Release|Any CPU
	EndGlobalSection
	GlobalSection(SolutionProperties) = preSolution
		HideSolutionNode = FALSE
	EndGlobalSection
	GlobalSection(ExtensibilityGlobals) = postSolution
		SolutionGuid = {4411844E-6495-4FBD-9994-83B1ED6DB8D4}
	EndGlobalSection
EndGlobal
